
Microsoft Visual Studio Solution File, Format Version 12.00
# Visual Studio Version 17
VisualStudioVersion = 17.9.34616.47
MinimumVisualStudioVersion = 10.0.40219.1
Project("{FAE04EC0-301F-11D3-BF4B-00C04F79EFBC}") = "Projeto_Educa_Sonho_Meu", "Projeto_Educa_Sonho_Meu.csproj", "{5C55974E-DFA1-4E41-82AB-1B7527D77BCB}"
EndProject
Global
	GlobalSection(SolutionConfigurationPlatforms) = preSolution
		Debug|Any CPU = Debug|Any CPU
		Release|Any CPU = Release|Any CPU
	EndGlobalSection
	GlobalSection(ProjectConfigurationPlatforms) = postSolution
		{5C55974E-DFA1-4E41-82AB-1B7527D77BCB}.Debug|Any CPU.ActiveCfg = Debug|Any CPU
		{5C55974E-DFA1-4E41-82AB-1B7527D77BCB}.Debug|Any CPU.Build.0 = Debug|Any CPU
		{5C55974E-DFA1-4E41-82AB-1B7527D77BCB}.Release|Any CPU.ActiveCfg = Release|Any CPU
		{5C55974E-DFA1-4E41-82AB-1B7527D77BCB}.Release|Any CPU.Build.0 = Release|Any CPU
	EndGlobalSection
	GlobalSection(SolutionProperties) = preSolution
		HideSolutionNode = FALSE
	EndGlobalSection
	GlobalSection(ExtensibilityGlobals) = postSolution
		SolutionGuid = {D130AF07-EC29-4A5B-8E75-21D15EDB63FC}
	EndGlobalSection
EndGlobal
